<?xml version="1.0" encoding="utf-8"?>
<Project ToolsVersion="4.0" xmlns="http://schemas.microsoft.com/developer/msbuild/2003">
  <ItemGroup>
    <Filter Include="源文件">
      <UniqueIdentifier>{4FC737F1-C7A5-4376-A066-2A32D752A2FF}</UniqueIdentifier>
      <Extensions>cpp;c;cc;cxx;def;odl;idl;hpj;bat;asm;asmx</Extensions>
    </Filter>
    <Filter Include="头文件">
      <UniqueIdentifier>{93995380-89BD-4b04-88EB-625FBE52EBFB}</UniqueIdentifier>
      <Extensions>h;hh;hpp;hxx;hm;inl;inc;xsd</Extensions>
    </Filter>
    <Filter Include="资源文件">
      <UniqueIdentifier>{67DA6AB6-F800-4c08-8B7A-83BB121AAD01}</UniqueIdentifier>
      <Extensions>rc;ico;cur;bmp;dlg;rc2;rct;bin;rgs;gif;jpg;jpeg;jpe;resx;tiff;tif;png;wav;mfcribbon-ms</Extensions>
    </Filter>
    <Filter Include="lua5.3">
      <UniqueIdentifier>{ea5c7312-4959-4b3f-9929-2f5a8b95e7f8}</UniqueIdentifier>
    </Filter>
    <Filter Include="lua_tinker">
      <UniqueIdentifier>{f068e66b-bfa9-43bf-a69a-321c9e80c0f3}</UniqueIdentifier>
    </Filter>
    <Filter Include="samples">
      <UniqueIdentifier>{158bfcb8-8cde-4be2-a4ae-52dfa5b8f024}</UniqueIdentifier>
    </Filter>
  </ItemGroup>
  <ItemGroup>
    <Text Include="ReadMe.txt" />
  </ItemGroup>
  <ItemGroup>
    <ClInclude Include="stdafx.h">
      <Filter>头文件</Filter>
    </ClInclude>
    <ClInclude Include="targetver.h">
      <Filter>头文件</Filter>
    </ClInclude>
    <ClInclude Include="..\lua\lauxlib.h">
      <Filter>lua5.3</Filter>
    </ClInclude>
    <ClInclude Include="..\lua\lcode.h">
      <Filter>lua5.3</Filter>
    </ClInclude>
    <ClInclude Include="..\lua\lctype.h">
      <Filter>lua5.3</Filter>
    </ClInclude>
    <ClInclude Include="..\lua\ldebug.h">
      <Filter>lua5.3</Filter>
    </ClInclude>
    <ClInclude Include="..\lua\ldo.h">
      <Filter>lua5.3</Filter>
    </ClInclude>
    <ClInclude Include="..\lua\lfunc.h">
      <Filter>lua5.3</Filter>
    </ClInclude>
    <ClInclude Include="..\lua\lgc.h">
      <Filter>lua5.3</Filter>
    </ClInclude>
    <ClInclude Include="..\lua\llex.h">
      <Filter>lua5.3</Filter>
    </ClInclude>
    <ClInclude Include="..\lua\llimits.h">
      <Filter>lua5.3</Filter>
    </ClInclude>
    <ClInclude Include="..\lua\lmem.h">
      <Filter>lua5.3</Filter>
    </ClInclude>
    <ClInclude Include="..\lua\lobject.h">
      <Filter>lua5.3</Filter>
    </ClInclude>
    <ClInclude Include="..\lua\lopcodes.h">
      <Filter>lua5.3</Filter>
    </ClInclude>
    <ClInclude Include="..\lua\lparser.h">
      <Filter>lua5.3</Filter>
    </ClInclude>
    <ClInclude Include="..\lua\lprefix.h">
      <Filter>lua5.3</Filter>
    </ClInclude>
    <ClInclude Include="..\lua\lstate.h">
      <Filter>lua5.3</Filter>
    </ClInclude>
    <ClInclude Include="..\lua\lstring.h">
      <Filter>lua5.3</Filter>
    </ClInclude>
    <ClInclude Include="..\lua\ltable.h">
      <Filter>lua5.3</Filter>
    </ClInclude>
    <ClInclude Include="..\lua\ltm.h">
      <Filter>lua5.3</Filter>
    </ClInclude>
    <ClInclude Include="..\lua\lua.h">
      <Filter>lua5.3</Filter>
    </ClInclude>
    <ClInclude Include="..\lua\lua.hpp">
      <Filter>lua5.3</Filter>
    </ClInclude>
    <ClInclude Include="..\lua\luaconf.h">
      <Filter>lua5.3</Filter>
    </ClInclude>
    <ClInclude Include="..\lua\lualib.h">
      <Filter>lua5.3</Filter>
    </ClInclude>
    <ClInclude Include="..\lua\lundump.h">
      <Filter>lua5.3</Filter>
    </ClInclude>
    <ClInclude Include="..\lua\lvm.h">
      <Filter>lua5.3</Filter>
    </ClInclude>
    <ClInclude Include="..\lua\lzio.h">
      <Filter>lua5.3</Filter>
    </ClInclude>
    <ClInclude Include="..\lua\lapi.h">
      <Filter>lua5.3</Filter>
    </ClInclude>
    <ClInclude Include="..\lua_tinker\lua_tinker.h">
      <Filter>lua_tinker</Filter>
    </ClInclude>
  </ItemGroup>
  <ItemGroup>
    <ClCompile Include="stdafx.cpp">
      <Filter>源文件</Filter>
    </ClCompile>
    <ClCompile Include="test.cpp">
      <Filter>源文件</Filter>
    </ClCompile>
    <ClCompile Include="..\lua\lauxlib.c">
      <Filter>lua5.3</Filter>
    </ClCompile>
    <ClCompile Include="..\lua\lbaselib.c">
      <Filter>lua5.3</Filter>
    </ClCompile>
    <ClCompile Include="..\lua\lbitlib.c">
      <Filter>lua5.3</Filter>
    </ClCompile>
    <ClCompile Include="..\lua\lcode.c">
      <Filter>lua5.3</Filter>
    </ClCompile>
    <ClCompile Include="..\lua\lcorolib.c">
      <Filter>lua5.3</Filter>
    </ClCompile>
    <ClCompile Include="..\lua\lctype.c">
      <Filter>lua5.3</Filter>
    </ClCompile>
    <ClCompile Include="..\lua\ldblib.c">
      <Filter>lua5.3</Filter>
    </ClCompile>
    <ClCompile Include="..\lua\ldebug.c">
      <Filter>lua5.3</Filter>
    </ClCompile>
    <ClCompile Include="..\lua\ldo.c">
      <Filter>lua5.3</Filter>
    </ClCompile>
    <ClCompile Include="..\lua\ldump.c">
      <Filter>lua5.3</Filter>
    </ClCompile>
    <ClCompile Include="..\lua\lfunc.c">
      <Filter>lua5.3</Filter>
    </ClCompile>
    <ClCompile Include="..\lua\lgc.c">
      <Filter>lua5.3</Filter>
    </ClCompile>
    <ClCompile Include="..\lua\linit.c">
      <Filter>lua5.3</Filter>
    </ClCompile>
    <ClCompile Include="..\lua\liolib.c">
      <Filter>lua5.3</Filter>
    </ClCompile>
    <ClCompile Include="..\lua\llex.c">
      <Filter>lua5.3</Filter>
    </ClCompile>
    <ClCompile Include="..\lua\lmathlib.c">
      <Filter>lua5.3</Filter>
    </ClCompile>
    <ClCompile Include="..\lua\lmem.c">
      <Filter>lua5.3</Filter>
    </ClCompile>
    <ClCompile Include="..\lua\loadlib.c">
      <Filter>lua5.3</Filter>
    </ClCompile>
    <ClCompile Include="..\lua\lobject.c">
      <Filter>lua5.3</Filter>
    </ClCompile>
    <ClCompile Include="..\lua\lopcodes.c">
      <Filter>lua5.3</Filter>
    </ClCompile>
    <ClCompile Include="..\lua\loslib.c">
      <Filter>lua5.3</Filter>
    </ClCompile>
    <ClCompile Include="..\lua\lparser.c">
      <Filter>lua5.3</Filter>
    </ClCompile>
    <ClCompile Include="..\lua\lstate.c">
      <Filter>lua5.3</Filter>
    </ClCompile>
    <ClCompile Include="..\lua\lstring.c">
      <Filter>lua5.3</Filter>
    </ClCompile>
    <ClCompile Include="..\lua\lstrlib.c">
      <Filter>lua5.3</Filter>
    </ClCompile>
    <ClCompile Include="..\lua\ltable.c">
      <Filter>lua5.3</Filter>
    </ClCompile>
    <ClCompile Include="..\lua\ltablib.c">
      <Filter>lua5.3</Filter>
    </ClCompile>
    <ClCompile Include="..\lua\ltm.c">
      <Filter>lua5.3</Filter>
    </ClCompile>
    <ClCompile Include="..\lua\lundump.c">
      <Filter>lua5.3</Filter>
    </ClCompile>
    <ClCompile Include="..\lua\lutf8lib.c">
      <Filter>lua5.3</Filter>
    </ClCompile>
    <ClCompile Include="..\lua\lvm.c">
      <Filter>lua5.3</Filter>
    </ClCompile>
    <ClCompile Include="..\lua\lzio.c">
      <Filter>lua5.3</Filter>
    </ClCompile>
    <ClCompile Include="..\lua\lapi.c">
      <Filter>lua5.3</Filter>
    </ClCompile>
    <ClCompile Include="..\lua_tinker\lua_tinker.cpp">
      <Filter>lua_tinker</Filter>
    </ClCompile>
    <ClCompile Include="sample1.cpp">
      <Filter>samples</Filter>
    </ClCompile>
    <ClCompile Include="sample2.cpp">
      <Filter>samples</Filter>
    </ClCompile>
    <ClCompile Include="sample3.cpp">
      <Filter>samples</Filter>
    </ClCompile>
    <ClCompile Include="sample4.cpp">
      <Filter>samples</Filter>
    </ClCompile>
    <ClCompile Include="sample5.cpp">
      <Filter>samples</Filter>
    </ClCompile>
  </ItemGroup>
  <ItemGroup>
    <None Include="..\lua\Makefile">
      <Filter>lua5.3</Filter>
    </None>
    <None Include="sample1.lua">
      <Filter>samples</Filter>
    </None>
    <None Include="sample2.lua">
      <Filter>samples</Filter>
    </None>
    <None Include="sample3.lua">
      <Filter>samples</Filter>
    </None>
    <None Include="sample4.lua">
      <Filter>samples</Filter>
    </None>
    <None Include="sample5.lua">
      <Filter>samples</Filter>
    </None>
  </ItemGroup>
</Project>